// !$*UTF8*$!
{
	archiveVersion = 1;
	classes = {
	};
	objectVersion = 50;
	objects = {

/* Begin PBXBuildFile section */
		4F6F731026FB4A9100043EE3 /* CreateViewController.xib in Resources */ = {isa = PBXBuildFile; fileRef = 4F6F730E26FB4A9100043EE3 /* CreateViewController.xib */; };
		4F6F731126FB4A9100043EE3 /* CreateViewController.swift in Sources */ = {isa = PBXBuildFile; fileRef = 4F6F730F26FB4A9100043EE3 /* CreateViewController.swift */; };
		4F6F731326FB4ACE00043EE3 /* UITextField+Extensions.swift in Sources */ = {isa = PBXBuildFile; fileRef = 4F6F731226FB4ACE00043EE3 /* UITextField+Extensions.swift */; };
		4F6F731526FC55E400043EE3 /* UserPresenter.swift in Sources */ = {isa = PBXBuildFile; fileRef = 4F6F731426FC55E400043EE3 /* UserPresenter.swift */; };
		4F6F731726FC5C6D00043EE3 /* Model.swift in Sources */ = {isa = PBXBuildFile; fileRef = 4F6F731626FC5C6D00043EE3 /* Model.swift */; };
		A8B8CABC26F8B587006FFAC4 /* ViewController.swift in Sources */ = {isa = PBXBuildFile; fileRef = A8B8CABB26F8B587006FFAC4 /* ViewController.swift */; };
		A8B8CAC126F8B589006FFAC4 /* Assets.xcassets in Resources */ = {isa = PBXBuildFile; fileRef = A8B8CAC026F8B589006FFAC4 /* Assets.xcassets */; };
		A8B8CAC426F8B589006FFAC4 /* LaunchScreen.storyboard in Resources */ = {isa = PBXBuildFile; fileRef = A8B8CAC226F8B589006FFAC4 /* LaunchScreen.storyboard */; };
		A8B8CACF26F8B589006FFAC4 /* ToDoListTests.swift in Sources */ = {isa = PBXBuildFile; fileRef = A8B8CACE26F8B589006FFAC4 /* ToDoListTests.swift */; };
		A8B8CADA26F8B589006FFAC4 /* ToDoListUITests.swift in Sources */ = {isa = PBXBuildFile; fileRef = A8B8CAD926F8B589006FFAC4 /* ToDoListUITests.swift */; };
		A8B8CB2D26F8E1C3006FFAC4 /* Item.swift in Sources */ = {isa = PBXBuildFile; fileRef = A8B8CB2C26F8E1C3006FFAC4 /* Item.swift */; };
		A8B8CB2F26F8E566006FFAC4 /* Presenter.swift in Sources */ = {isa = PBXBuildFile; fileRef = A8B8CB2E26F8E566006FFAC4 /* Presenter.swift */; };
		A8B8CB3426F9C9FD006FFAC4 /* AppDelegate.swift in Sources */ = {isa = PBXBuildFile; fileRef = A8B8CAB726F8B587006FFAC4 /* AppDelegate.swift */; };
		A8B8CB3626F9CED2006FFAC4 /* ViewController.xib in Resources */ = {isa = PBXBuildFile; fileRef = A8B8CB3526F9CED2006FFAC4 /* ViewController.xib */; };
/* End PBXBuildFile section */

/* Begin PBXContainerItemProxy section */
		A8B8CACB26F8B589006FFAC4 /* PBXContainerItemProxy */ = {
			isa = PBXContainerItemProxy;
			containerPortal = A8B8CAAC26F8B587006FFAC4 /* Project object */;
			proxyType = 1;
			remoteGlobalIDString = A8B8CAB326F8B587006FFAC4;
			remoteInfo = ToDoList;
		};
		A8B8CAD626F8B589006FFAC4 /* PBXContainerItemProxy */ = {
			isa = PBXContainerItemProxy;
			containerPortal = A8B8CAAC26F8B587006FFAC4 /* Project object */;
			proxyType = 1;
			remoteGlobalIDString = A8B8CAB326F8B587006FFAC4;
			remoteInfo = ToDoList;
		};
/* End PBXContainerItemProxy section */

/* Begin PBXFileReference section */
		4F6F730E26FB4A9100043EE3 /* CreateViewController.xib */ = {isa = PBXFileReference; fileEncoding = 4; lastKnownFileType = file.xib; path = CreateViewController.xib; sourceTree = "<group>"; };
		4F6F730F26FB4A9100043EE3 /* CreateViewController.swift */ = {isa = PBXFileReference; fileEncoding = 4; lastKnownFileType = sourcecode.swift; path = CreateViewController.swift; sourceTree = "<group>"; };
		4F6F731226FB4ACE00043EE3 /* UITextField+Extensions.swift */ = {isa = PBXFileReference; fileEncoding = 4; lastKnownFileType = sourcecode.swift; path = "UITextField+Extensions.swift"; sourceTree = "<group>"; };
		4F6F731426FC55E400043EE3 /* UserPresenter.swift */ = {isa = PBXFileReference; lastKnownFileType = sourcecode.swift; path = UserPresenter.swift; sourceTree = "<group>"; };
		4F6F731626FC5C6D00043EE3 /* Model.swift */ = {isa = PBXFileReference; lastKnownFileType = sourcecode.swift; path = Model.swift; sourceTree = "<group>"; };
		4F6F731826FC6BDD00043EE3 /* ToDoList.entitlements */ = {isa = PBXFileReference; lastKnownFileType = text.plist.entitlements; path = ToDoList.entitlements; sourceTree = "<group>"; };
		A8B8CAB426F8B587006FFAC4 /* ToDoList.app */ = {isa = PBXFileReference; explicitFileType = wrapper.application; includeInIndex = 0; path = ToDoList.app; sourceTree = BUILT_PRODUCTS_DIR; };
		A8B8CAB726F8B587006FFAC4 /* AppDelegate.swift */ = {isa = PBXFileReference; lastKnownFileType = sourcecode.swift; path = AppDelegate.swift; sourceTree = "<group>"; };
		A8B8CABB26F8B587006FFAC4 /* ViewController.swift */ = {isa = PBXFileReference; lastKnownFileType = sourcecode.swift; path = ViewController.swift; sourceTree = "<group>"; };
		A8B8CAC026F8B589006FFAC4 /* Assets.xcassets */ = {isa = PBXFileReference; lastKnownFileType = folder.assetcatalog; path = Assets.xcassets; sourceTree = "<group>"; };
		A8B8CAC326F8B589006FFAC4 /* Base */ = {isa = PBXFileReference; lastKnownFileType = file.storyboard; name = Base; path = Base.lproj/LaunchScreen.storyboard; sourceTree = "<group>"; };
		A8B8CAC526F8B589006FFAC4 /* Info.plist */ = {isa = PBXFileReference; lastKnownFileType = text.plist.xml; path = Info.plist; sourceTree = "<group>"; };
		A8B8CACA26F8B589006FFAC4 /* ToDoListTests.xctest */ = {isa = PBXFileReference; explicitFileType = wrapper.cfbundle; includeInIndex = 0; path = ToDoListTests.xctest; sourceTree = BUILT_PRODUCTS_DIR; };
		A8B8CACE26F8B589006FFAC4 /* ToDoListTests.swift */ = {isa = PBXFileReference; lastKnownFileType = sourcecode.swift; path = ToDoListTests.swift; sourceTree = "<group>"; };
		A8B8CAD026F8B589006FFAC4 /* Info.plist */ = {isa = PBXFileReference; lastKnownFileType = text.plist.xml; path = Info.plist; sourceTree = "<group>"; };
		A8B8CAD526F8B589006FFAC4 /* ToDoListUITests.xctest */ = {isa = PBXFileReference; explicitFileType = wrapper.cfbundle; includeInIndex = 0; path = ToDoListUITests.xctest; sourceTree = BUILT_PRODUCTS_DIR; };
		A8B8CAD926F8B589006FFAC4 /* ToDoListUITests.swift */ = {isa = PBXFileReference; lastKnownFileType = sourcecode.swift; path = ToDoListUITests.swift; sourceTree = "<group>"; };
		A8B8CADB26F8B589006FFAC4 /* Info.plist */ = {isa = PBXFileReference; lastKnownFileType = text.plist.xml; path = Info.plist; sourceTree = "<group>"; };
		A8B8CB2C26F8E1C3006FFAC4 /* Item.swift */ = {isa = PBXFileReference; lastKnownFileType = sourcecode.swift; name = Item.swift; path = ToDoList/Item.swift; sourceTree = SOURCE_ROOT; };
		A8B8CB2E26F8E566006FFAC4 /* Presenter.swift */ = {isa = PBXFileReference; lastKnownFileType = sourcecode.swift; name = Presenter.swift; path = ToDoList/Presenter.swift; sourceTree = SOURCE_ROOT; };
		A8B8CB3526F9CED2006FFAC4 /* ViewController.xib */ = {isa = PBXFileReference; lastKnownFileType = file.xib; name = ViewController.xib; path = ToDoList/ViewController.xib; sourceTree = SOURCE_ROOT; };
/* End PBXFileReference section */

/* Begin PBXFrameworksBuildPhase section */
		A8B8CAB126F8B587006FFAC4 /* Frameworks */ = {
			isa = PBXFrameworksBuildPhase;
			buildActionMask = 2147483647;
			files = (
			);
			runOnlyForDeploymentPostprocessing = 0;
		};
		A8B8CAC726F8B589006FFAC4 /* Frameworks */ = {
			isa = PBXFrameworksBuildPhase;
			buildActionMask = 2147483647;
			files = (
			);
			runOnlyForDeploymentPostprocessing = 0;
		};
		A8B8CAD226F8B589006FFAC4 /* Frameworks */ = {
			isa = PBXFrameworksBuildPhase;
			buildActionMask = 2147483647;
			files = (
			);
			runOnlyForDeploymentPostprocessing = 0;
		};
/* End PBXFrameworksBuildPhase section */

/* Begin PBXGroup section */
		4F6F730026FB249D00043EE3 /* CreateToDo */ = {
			isa = PBXGroup;
			children = (
				4F6F730426FB253A00043EE3 /* Model */,
				4F6F730326FB253300043EE3 /* Views */,
				4F6F730526FB254600043EE3 /* Presenter */,
			);
			path = CreateToDo;
			sourceTree = "<group>";
		};
		4F6F730226FB24CD00043EE3 /* MVP */ = {
			isa = PBXGroup;
			children = (
				A8B8CB2626F8D2FA006FFAC4 /* Presenter */,
				A8B8CB2826F8D30A006FFAC4 /* View */,
				A8B8CB2926F8D31B006FFAC4 /* Model */,
			);
			path = MVP;
			sourceTree = "<group>";
		};
		4F6F730326FB253300043EE3 /* Views */ = {
			isa = PBXGroup;
			children = (
				4F6F730F26FB4A9100043EE3 /* CreateViewController.swift */,
				4F6F730E26FB4A9100043EE3 /* CreateViewController.xib */,
			);
			path = Views;
			sourceTree = "<group>";
		};
		4F6F730426FB253A00043EE3 /* Model */ = {
			isa = PBXGroup;
			children = (
				4F6F731626FC5C6D00043EE3 /* Model.swift */,
			);
			path = Model;
			sourceTree = "<group>";
		};
		4F6F730526FB254600043EE3 /* Presenter */ = {
			isa = PBXGroup;
			children = (
				4F6F731426FC55E400043EE3 /* UserPresenter.swift */,
			);
			name = Presenter;
			sourceTree = "<group>";
		};
		4F6F730A26FB41E500043EE3 /* Extensions */ = {
			isa = PBXGroup;
			children = (
				4F6F731226FB4ACE00043EE3 /* UITextField+Extensions.swift */,
			);
			path = Extensions;
			sourceTree = "<group>";
		};
		A8B8CAAB26F8B587006FFAC4 = {
			isa = PBXGroup;
			children = (
				A8B8CAB626F8B587006FFAC4 /* ToDoList */,
				A8B8CACD26F8B589006FFAC4 /* ToDoListTests */,
				A8B8CAD826F8B589006FFAC4 /* ToDoListUITests */,
				A8B8CAB526F8B587006FFAC4 /* Products */,
			);
			sourceTree = "<group>";
		};
		A8B8CAB526F8B587006FFAC4 /* Products */ = {
			isa = PBXGroup;
			children = (
				A8B8CAB426F8B587006FFAC4 /* ToDoList.app */,
				A8B8CACA26F8B589006FFAC4 /* ToDoListTests.xctest */,
				A8B8CAD526F8B589006FFAC4 /* ToDoListUITests.xctest */,
			);
			name = Products;
			sourceTree = "<group>";
		};
		A8B8CAB626F8B587006FFAC4 /* ToDoList */ = {
			isa = PBXGroup;
			children = (
				4F6F731826FC6BDD00043EE3 /* ToDoList.entitlements */,
				A8B8CB2526F8D2E2006FFAC4 /* App */,
				4F6F730226FB24CD00043EE3 /* MVP */,
				4F6F730026FB249D00043EE3 /* CreateToDo */,
				4F6F730A26FB41E500043EE3 /* Extensions */,
				A8B8CAC026F8B589006FFAC4 /* Assets.xcassets */,
				A8B8CAC226F8B589006FFAC4 /* LaunchScreen.storyboard */,
				A8B8CAC526F8B589006FFAC4 /* Info.plist */,
			);
			path = ToDoList;
			sourceTree = "<group>";
		};
		A8B8CACD26F8B589006FFAC4 /* ToDoListTests */ = {
			isa = PBXGroup;
			children = (
				A8B8CACE26F8B589006FFAC4 /* ToDoListTests.swift */,
				A8B8CAD026F8B589006FFAC4 /* Info.plist */,
			);
			path = ToDoListTests;
			sourceTree = "<group>";
		};
		A8B8CAD826F8B589006FFAC4 /* ToDoListUITests */ = {
			isa = PBXGroup;
			children = (
				A8B8CAD926F8B589006FFAC4 /* ToDoListUITests.swift */,
				A8B8CADB26F8B589006FFAC4 /* Info.plist */,
			);
			path = ToDoListUITests;
			sourceTree = "<group>";
		};
		A8B8CB2526F8D2E2006FFAC4 /* App */ = {
			isa = PBXGroup;
			children = (
				A8B8CAB726F8B587006FFAC4 /* AppDelegate.swift */,
			);
			path = App;
			sourceTree = "<group>";
		};
		A8B8CB2626F8D2FA006FFAC4 /* Presenter */ = {
			isa = PBXGroup;
			children = (
				A8B8CB2E26F8E566006FFAC4 /* Presenter.swift */,
			);
			name = Presenter;
			path = ../Presenter;
			sourceTree = "<group>";
		};
		A8B8CB2826F8D30A006FFAC4 /* View */ = {
			isa = PBXGroup;
			children = (
				A8B8CABB26F8B587006FFAC4 /* ViewController.swift */,
				A8B8CB3526F9CED2006FFAC4 /* ViewController.xib */,
			);
			path = View;
			sourceTree = "<group>";
		};
		A8B8CB2926F8D31B006FFAC4 /* Model */ = {
			isa = PBXGroup;
			children = (
				A8B8CB2C26F8E1C3006FFAC4 /* Item.swift */,
			);
			path = Model;
			sourceTree = "<group>";
		};
/* End PBXGroup section */

/* Begin PBXNativeTarget section */
		A8B8CAB326F8B587006FFAC4 /* ToDoList */ = {
			isa = PBXNativeTarget;
			buildConfigurationList = A8B8CADE26F8B589006FFAC4 /* Build configuration list for PBXNativeTarget "ToDoList" */;
			buildPhases = (
				A8B8CAB026F8B587006FFAC4 /* Sources */,
				A8B8CAB126F8B587006FFAC4 /* Frameworks */,
				A8B8CAB226F8B587006FFAC4 /* Resources */,
			);
			buildRules = (
			);
			dependencies = (
			);
			name = ToDoList;
			productName = ToDoList;
			productReference = A8B8CAB426F8B587006FFAC4 /* ToDoList.app */;
			productType = "com.apple.product-type.application";
		};
		A8B8CAC926F8B589006FFAC4 /* ToDoListTests */ = {
			isa = PBXNativeTarget;
			buildConfigurationList = A8B8CAE126F8B589006FFAC4 /* Build configuration list for PBXNativeTarget "ToDoListTests" */;
			buildPhases = (
				A8B8CAC626F8B589006FFAC4 /* Sources */,
				A8B8CAC726F8B589006FFAC4 /* Frameworks */,
				A8B8CAC826F8B589006FFAC4 /* Resources */,
			);
			buildRules = (
			);
			dependencies = (
				A8B8CACC26F8B589006FFAC4 /* PBXTargetDependency */,
			);
			name = ToDoListTests;
			productName = ToDoListTests;
			productReference = A8B8CACA26F8B589006FFAC4 /* ToDoListTests.xctest */;
			productType = "com.apple.product-type.bundle.unit-test";
		};
		A8B8CAD426F8B589006FFAC4 /* ToDoListUITests */ = {
			isa = PBXNativeTarget;
			buildConfigurationList = A8B8CAE426F8B589006FFAC4 /* Build configuration list for PBXNativeTarget "ToDoListUITests" */;
			buildPhases = (
				A8B8CAD126F8B589006FFAC4 /* Sources */,
				A8B8CAD226F8B589006FFAC4 /* Frameworks */,
				A8B8CAD326F8B589006FFAC4 /* Resources */,
			);
			buildRules = (
			);
			dependencies = (
				A8B8CAD726F8B589006FFAC4 /* PBXTargetDependency */,
			);
			name = ToDoListUITests;
			productName = ToDoListUITests;
			productReference = A8B8CAD526F8B589006FFAC4 /* ToDoListUITests.xctest */;
			productType = "com.apple.product-type.bundle.ui-testing";
		};
/* End PBXNativeTarget section */

/* Begin PBXProject section */
		A8B8CAAC26F8B587006FFAC4 /* Project object */ = {
			isa = PBXProject;
			attributes = {
				LastSwiftUpdateCheck = 1250;
				LastUpgradeCheck = 1250;
				TargetAttributes = {
					A8B8CAB326F8B587006FFAC4 = {
						CreatedOnToolsVersion = 12.5.1;
					};
					A8B8CAC926F8B589006FFAC4 = {
						CreatedOnToolsVersion = 12.5.1;
						TestTargetID = A8B8CAB326F8B587006FFAC4;
					};
					A8B8CAD426F8B589006FFAC4 = {
						CreatedOnToolsVersion = 12.5.1;
						TestTargetID = A8B8CAB326F8B587006FFAC4;
					};
				};
			};
			buildConfigurationList = A8B8CAAF26F8B587006FFAC4 /* Build configuration list for PBXProject "ToDoList" */;
			compatibilityVersion = "Xcode 9.3";
			developmentRegion = en;
			hasScannedForEncodings = 0;
			knownRegions = (
				en,
				Base,
			);
			mainGroup = A8B8CAAB26F8B587006FFAC4;
			productRefGroup = A8B8CAB526F8B587006FFAC4 /* Products */;
			projectDirPath = "";
			projectRoot = "";
			targets = (
				A8B8CAB326F8B587006FFAC4 /* ToDoList */,
				A8B8CAC926F8B589006FFAC4 /* ToDoListTests */,
				A8B8CAD426F8B589006FFAC4 /* ToDoListUITests */,
			);
		};
/* End PBXProject section */

/* Begin PBXResourcesBuildPhase section */
		A8B8CAB226F8B587006FFAC4 /* Resources */ = {
			isa = PBXResourcesBuildPhase;
			buildActionMask = 2147483647;
			files = (
				4F6F731026FB4A9100043EE3 /* CreateViewController.xib in Resources */,
				A8B8CAC426F8B589006FFAC4 /* LaunchScreen.storyboard in Resources */,
				A8B8CB3626F9CED2006FFAC4 /* ViewController.xib in Resources */,
				A8B8CAC126F8B589006FFAC4 /* Assets.xcassets in Resources */,
			);
			runOnlyForDeploymentPostprocessing = 0;
		};
		A8B8CAC826F8B589006FFAC4 /* Resources */ = {
			isa = PBXResourcesBuildPhase;
			buildActionMask = 2147483647;
			files = (
			);
			runOnlyForDeploymentPostprocessing = 0;
		};
		A8B8CAD326F8B589006FFAC4 /* Resources */ = {
			isa = PBXResourcesBuildPhase;
			buildActionMask = 2147483647;
			files = (
			);
			runOnlyForDeploymentPostprocessing = 0;
		};
/* End PBXResourcesBuildPhase section */

/* Begin PBXSourcesBuildPhase section */
		A8B8CAB026F8B587006FFAC4 /* Sources */ = {
			isa = PBXSourcesBuildPhase;
			buildActionMask = 2147483647;
			files = (
				4F6F731326FB4ACE00043EE3 /* UITextField+Extensions.swift in Sources */,
				A8B8CB3426F9C9FD006FFAC4 /* AppDelegate.swift in Sources */,
				4F6F731126FB4A9100043EE3 /* CreateViewController.swift in Sources */,
				4F6F731526FC55E400043EE3 /* UserPresenter.swift in Sources */,
				A8B8CABC26F8B587006FFAC4 /* ViewController.swift in Sources */,
				A8B8CB2D26F8E1C3006FFAC4 /* Item.swift in Sources */,
				A8B8CB2F26F8E566006FFAC4 /* Presenter.swift in Sources */,
				4F6F731726FC5C6D00043EE3 /* Model.swift in Sources */,
			);
			runOnlyForDeploymentPostprocessing = 0;
		};
		A8B8CAC626F8B589006FFAC4 /* Sources */ = {
			isa = PBXSourcesBuildPhase;
			buildActionMask = 2147483647;
			files = (
				A8B8CACF26F8B589006FFAC4 /* ToDoListTests.swift in Sources */,
			);
			runOnlyForDeploymentPostprocessing = 0;
		};
		A8B8CAD126F8B589006FFAC4 /* Sources */ = {
			isa = PBXSourcesBuildPhase;
			buildActionMask = 2147483647;
			files = (
				A8B8CADA26F8B589006FFAC4 /* ToDoListUITests.swift in Sources */,
			);
			runOnlyForDeploymentPostprocessing = 0;
		};
/* End PBXSourcesBuildPhase section */

/* Begin PBXTargetDependency section */
		A8B8CACC26F8B589006FFAC4 /* PBXTargetDependency */ = {
			isa = PBXTargetDependency;
			target = A8B8CAB326F8B587006FFAC4 /* ToDoList */;
			targetProxy = A8B8CACB26F8B589006FFAC4 /* PBXContainerItemProxy */;
		};
		A8B8CAD726F8B589006FFAC4 /* PBXTargetDependency */ = {
			isa = PBXTargetDependency;
			target = A8B8CAB326F8B587006FFAC4 /* ToDoList */;
			targetProxy = A8B8CAD626F8B589006FFAC4 /* PBXContainerItemProxy */;
		};
/* End PBXTargetDependency section */

/* Begin PBXVariantGroup section */
		A8B8CAC226F8B589006FFAC4 /* LaunchScreen.storyboard */ = {
			isa = PBXVariantGroup;
			children = (
				A8B8CAC326F8B589006FFAC4 /* Base */,
			);
			name = LaunchScreen.storyboard;
			sourceTree = "<group>";
		};
/* End PBXVariantGroup section */

/* Begin XCBuildConfiguration section */
		A8B8CADC26F8B589006FFAC4 /* Debug */ = {
			isa = XCBuildConfiguration;
			buildSettings = {
				ALWAYS_SEARCH_USER_PATHS = NO;
				CLANG_ANALYZER_NONNULL = YES;
				CLANG_ANALYZER_NUMBER_OBJECT_CONVERSION = YES_AGGRESSIVE;
				CLANG_CXX_LANGUAGE_STANDARD = "gnu++14";
				CLANG_CXX_LIBRARY = "libc++";
				CLANG_ENABLE_MODULES = YES;
				CLANG_ENABLE_OBJC_ARC = YES;
				CLANG_ENABLE_OBJC_WEAK = YES;
				CLANG_WARN_BLOCK_CAPTURE_AUTORELEASING = YES;
				CLANG_WARN_BOOL_CONVERSION = YES;
				CLANG_WARN_COMMA = YES;
				CLANG_WARN_CONSTANT_CONVERSION = YES;
				CLANG_WARN_DEPRECATED_OBJC_IMPLEMENTATIONS = YES;
				CLANG_WARN_DIRECT_OBJC_ISA_USAGE = YES_ERROR;
				CLANG_WARN_DOCUMENTATION_COMMENTS = YES;
				CLANG_WARN_EMPTY_BODY = YES;
				CLANG_WARN_ENUM_CONVERSION = YES;
				CLANG_WARN_INFINITE_RECURSION = YES;
				CLANG_WARN_INT_CONVERSION = YES;
				CLANG_WARN_NON_LITERAL_NULL_CONVERSION = YES;
				CLANG_WARN_OBJC_IMPLICIT_RETAIN_SELF = YES;
				CLANG_WARN_OBJC_LITERAL_CONVERSION = YES;
				CLANG_WARN_OBJC_ROOT_CLASS = YES_ERROR;
				CLANG_WARN_QUOTED_INCLUDE_IN_FRAMEWORK_HEADER = YES;
				CLANG_WARN_RANGE_LOOP_ANALYSIS = YES;
				CLANG_WARN_STRICT_PROTOTYPES = YES;
				CLANG_WARN_SUSPICIOUS_MOVE = YES;
				CLANG_WARN_UNGUARDED_AVAILABILITY = YES_AGGRESSIVE;
				CLANG_WARN_UNREACHABLE_CODE = YES;
				CLANG_WARN__DUPLICATE_METHOD_MATCH = YES;
				COPY_PHASE_STRIP = NO;
				DEBUG_INFORMATION_FORMAT = dwarf;
				ENABLE_STRICT_OBJC_MSGSEND = YES;
				ENABLE_TESTABILITY = YES;
				GCC_C_LANGUAGE_STANDARD = gnu11;
				GCC_DYNAMIC_NO_PIC = NO;
				GCC_NO_COMMON_BLOCKS = YES;
				GCC_OPTIMIZATION_LEVEL = 0;
				GCC_PREPROCESSOR_DEFINITIONS = (
					"DEBUG=1",
					"$(inherited)",
				);
				GCC_WARN_64_TO_32_BIT_CONVERSION = YES;
				GCC_WARN_ABOUT_RETURN_TYPE = YES_ERROR;
				GCC_WARN_UNDECLARED_SELECTOR = YES;
				GCC_WARN_UNINITIALIZED_AUTOS = YES_AGGRESSIVE;
				GCC_WARN_UNUSED_FUNCTION = YES;
				GCC_WARN_UNUSED_VARIABLE = YES;
				IPHONEOS_DEPLOYMENT_TARGET = 14.5;
				MTL_ENABLE_DEBUG_INFO = INCLUDE_SOURCE;
				MTL_FAST_MATH = YES;
				ONLY_ACTIVE_ARCH = YES;
				SDKROOT = iphoneos;
				SWIFT_ACTIVE_COMPILATION_CONDITIONS = DEBUG;
				SWIFT_OPTIMIZATION_LEVEL = "-Onone";
			};
			name = Debug;
		};
		A8B8CADD26F8B589006FFAC4 /* Release */ = {
			isa = XCBuildConfiguration;
			buildSettings = {
				ALWAYS_SEARCH_USER_PATHS = NO;
				CLANG_ANALYZER_NONNULL = YES;
				CLANG_ANALYZER_NUMBER_OBJECT_CONVERSION = YES_AGGRESSIVE;
				CLANG_CXX_LANGUAGE_STANDARD = "gnu++14";
				CLANG_CXX_LIBRARY = "libc++";
				CLANG_ENABLE_MODULES = YES;
				CLANG_ENABLE_OBJC_ARC = YES;
				CLANG_ENABLE_OBJC_WEAK = YES;
				CLANG_WARN_BLOCK_CAPTURE_AUTORELEASING = YES;
				CLANG_WARN_BOOL_CONVERSION = YES;
				CLANG_WARN_COMMA = YES;
				CLANG_WARN_CONSTANT_CONVERSION = YES;
				CLANG_WARN_DEPRECATED_OBJC_IMPLEMENTATIONS = YES;
				CLANG_WARN_DIRECT_OBJC_ISA_USAGE = YES_ERROR;
				CLANG_WARN_DOCUMENTATION_COMMENTS = YES;
				CLANG_WARN_EMPTY_BODY = YES;
				CLANG_WARN_ENUM_CONVERSION = YES;
				CLANG_WARN_INFINITE_RECURSION = YES;
				CLANG_WARN_INT_CONVERSION = YES;
				CLANG_WARN_NON_LITERAL_NULL_CONVERSION = YES;
				CLANG_WARN_OBJC_IMPLICIT_RETAIN_SELF = YES;
				CLANG_WARN_OBJC_LITERAL_CONVERSION = YES;
				CLANG_WARN_OBJC_ROOT_CLASS = YES_ERROR;
				CLANG_WARN_QUOTED_INCLUDE_IN_FRAMEWORK_HEADER = YES;
				CLANG_WARN_RANGE_LOOP_ANALYSIS = YES;
				CLANG_WARN_STRICT_PROTOTYPES = YES;
				CLANG_WARN_SUSPICIOUS_MOVE = YES;
				CLANG_WARN_UNGUARDED_AVAILABILITY = YES_AGGRESSIVE;
				CLANG_WARN_UNREACHABLE_CODE = YES;
				CLANG_WARN__DUPLICATE_METHOD_MATCH = YES;
				COPY_PHASE_STRIP = NO;
				DEBUG_INFORMATION_FORMAT = "dwarf-with-dsym";
				ENABLE_NS_ASSERTIONS = NO;
				ENABLE_STRICT_OBJC_MSGSEND = YES;
				GCC_C_LANGUAGE_STANDARD = gnu11;
				GCC_NO_COMMON_BLOCKS = YES;
				GCC_WARN_64_TO_32_BIT_CONVERSION = YES;
				GCC_WARN_ABOUT_RETURN_TYPE = YES_ERROR;
				GCC_WARN_UNDECLARED_SELECTOR = YES;
				GCC_WARN_UNINITIALIZED_AUTOS = YES_AGGRESSIVE;
				GCC_WARN_UNUSED_FUNCTION = YES;
				GCC_WARN_UNUSED_VARIABLE = YES;
				IPHONEOS_DEPLOYMENT_TARGET = 14.5;
				MTL_ENABLE_DEBUG_INFO = NO;
				MTL_FAST_MATH = YES;
				SDKROOT = iphoneos;
				SWIFT_COMPILATION_MODE = wholemodule;
				SWIFT_OPTIMIZATION_LEVEL = "-O";
				VALIDATE_PRODUCT = YES;
			};
			name = Release;
		};
		A8B8CADF26F8B589006FFAC4 /* Debug */ = {
			isa = XCBuildConfiguration;
			buildSettings = {
				ASSETCATALOG_COMPILER_APPICON_NAME = AppIcon;
				ASSETCATALOG_COMPILER_GLOBAL_ACCENT_COLOR_NAME = AccentColor;
				CODE_SIGN_ENTITLEMENTS = ToDoList/ToDoList.entitlements;
				CODE_SIGN_STYLE = Automatic;
				INFOPLIST_FILE = ToDoList/Info.plist;
				LD_RUNPATH_SEARCH_PATHS = (
					"$(inherited)",
					"@executable_path/Frameworks",
				);
				PRODUCT_BUNDLE_IDENTIFIER = endava.ToDoList;
				PRODUCT_NAME = "$(TARGET_NAME)";
				SWIFT_VERSION = 5.0;
				TARGETED_DEVICE_FAMILY = "1,2";
			};
			name = Debug;
		};
		A8B8CAE026F8B589006FFAC4 /* Release */ = {
			isa = XCBuildConfiguration;
			buildSettings = {
				ASSETCATALOG_COMPILER_APPICON_NAME = AppIcon;
				ASSETCATALOG_COMPILER_GLOBAL_ACCENT_COLOR_NAME = AccentColor;
				CODE_SIGN_ENTITLEMENTS = ToDoList/ToDoList.entitlements;
				CODE_SIGN_STYLE = Automatic;
				INFOPLIST_FILE = ToDoList/Info.plist;
				LD_RUNPATH_SEARCH_PATHS = (
					"$(inherited)",
					"@executable_path/Frameworks",
				);
				PRODUCT_BUNDLE_IDENTIFIER = endava.ToDoList;
				PRODUCT_NAME = "$(TARGET_NAME)";
				SWIFT_VERSION = 5.0;
				TARGETED_DEVICE_FAMILY = "1,2";
			};
			name = Release;
		};
		A8B8CAE226F8B589006FFAC4 /* Debug */ = {
			isa = XCBuildConfiguration;
			buildSettings = {
				ALWAYS_EMBED_SWIFT_STANDARD_LIBRARIES = YES;
				BUNDLE_LOADER = "$(TEST_HOST)";
				CODE_SIGN_STYLE = Automatic;
				INFOPLIST_FILE = ToDoListTests/Info.plist;
				IPHONEOS_DEPLOYMENT_TARGET = 14.5;
				LD_RUNPATH_SEARCH_PATHS = (
					"$(inherited)",
					"@executable_path/Frameworks",
					"@loader_path/Frameworks",
				);
				PRODUCT_BUNDLE_IDENTIFIER = endava.ToDoListTests;
				PRODUCT_NAME = "$(TARGET_NAME)";
				SWIFT_VERSION = 5.0;
				TARGETED_DEVICE_FAMILY = "1,2";
				TEST_HOST = "$(BUILT_PRODUCTS_DIR)/ToDoList.app/ToDoList";
			};
			name = Debug;
		};
		A8B8CAE326F8B589006FFAC4 /* Release */ = {
			isa = XCBuildConfiguration;
			buildSettings = {
				ALWAYS_EMBED_SWIFT_STANDARD_LIBRARIES = YES;
				BUNDLE_LOADER = "$(TEST_HOST)";
				CODE_SIGN_STYLE = Automatic;
				INFOPLIST_FILE = ToDoListTests/Info.plist;
				IPHONEOS_DEPLOYMENT_TARGET = 14.5;
				LD_RUNPATH_SEARCH_PATHS = (
					"$(inherited)",
					"@executable_path/Frameworks",
					"@loader_path/Frameworks",
				);
				PRODUCT_BUNDLE_IDENTIFIER = endava.ToDoListTests;
				PRODUCT_NAME = "$(TARGET_NAME)";
				SWIFT_VERSION = 5.0;
				TARGETED_DEVICE_FAMILY = "1,2";
				TEST_HOST = "$(BUILT_PRODUCTS_DIR)/ToDoList.app/ToDoList";
			};
			name = Release;
		};
		A8B8CAE526F8B589006FFAC4 /* Debug */ = {
			isa = XCBuildConfiguration;
			buildSettings = {
				ALWAYS_EMBED_SWIFT_STANDARD_LIBRARIES = YES;
				CODE_SIGN_STYLE = Automatic;
				INFOPLIST_FILE = ToDoListUITests/Info.plist;
				LD_RUNPATH_SEARCH_PATHS = (
					"$(inherited)",
					"@executable_path/Frameworks",
					"@loader_path/Frameworks",
				);
				PRODUCT_BUNDLE_IDENTIFIER = endava.ToDoListUITests;
				PRODUCT_NAME = "$(TARGET_NAME)";
				SWIFT_VERSION = 5.0;
				TARGETED_DEVICE_FAMILY = "1,2";
				TEST_TARGET_NAME = ToDoList;
			};
			name = Debug;
		};
		A8B8CAE626F8B589006FFAC4 /* Release */ = {
			isa = XCBuildConfiguration;
			buildSettings = {
				ALWAYS_EMBED_SWIFT_STANDARD_LIBRARIES = YES;
				CODE_SIGN_STYLE = Automatic;
				INFOPLIST_FILE = ToDoListUITests/Info.plist;
				LD_RUNPATH_SEARCH_PATHS = (
					"$(inherited)",
					"@executable_path/Frameworks",
					"@loader_path/Frameworks",
				);
				PRODUCT_BUNDLE_IDENTIFIER = endava.ToDoListUITests;
				PRODUCT_NAME = "$(TARGET_NAME)";
				SWIFT_VERSION = 5.0;
				TARGETED_DEVICE_FAMILY = "1,2";
				TEST_TARGET_NAME = ToDoList;
			};
			name = Release;
		};
/* End XCBuildConfiguration section */

/* Begin XCConfigurationList section */
		A8B8CAAF26F8B587006FFAC4 /* Build configuration list for PBXProject "ToDoList" */ = {
			isa = XCConfigurationList;
			buildConfigurations = (
				A8B8CADC26F8B589006FFAC4 /* Debug */,
				A8B8CADD26F8B589006FFAC4 /* Release */,
			);
			defaultConfigurationIsVisible = 0;
			defaultConfigurationName = Release;
		};
		A8B8CADE26F8B589006FFAC4 /* Build configuration list for PBXNativeTarget "ToDoList" */ = {
			isa = XCConfigurationList;
			buildConfigurations = (
				A8B8CADF26F8B589006FFAC4 /* Debug */,
				A8B8CAE026F8B589006FFAC4 /* Release */,
			);
			defaultConfigurationIsVisible = 0;
			defaultConfigurationName = Release;
		};
		A8B8CAE126F8B589006FFAC4 /* Build configuration list for PBXNativeTarget "ToDoListTests" */ = {
			isa = XCConfigurationList;
			buildConfigurations = (
				A8B8CAE226F8B589006FFAC4 /* Debug */,
				A8B8CAE326F8B589006FFAC4 /* Release */,
			);
			defaultConfigurationIsVisible = 0;
			defaultConfigurationName = Release;
		};
		A8B8CAE426F8B589006FFAC4 /* Build configuration list for PBXNativeTarget "ToDoListUITests" */ = {
			isa = XCConfigurationList;
			buildConfigurations = (
				A8B8CAE526F8B589006FFAC4 /* Debug */,
				A8B8CAE626F8B589006FFAC4 /* Release */,
			);
			defaultConfigurationIsVisible = 0;
			defaultConfigurationName = Release;
		};
/* End XCConfigurationList section */
	};
	rootObject = A8B8CAAC26F8B587006FFAC4 /* Project object */;
}
